{"1.1.0",
[{<<"bbmustache">>,{pkg,<<"bbmustache">>,<<"1.5.0">>},0},
 {<<"cuttlefish">>,
  {git,"https://github.com/lrascao/cuttlefish.git",
       {ref,"d4df9d2bf5f6ab4fe5fdcf2882bc4c1b167fe7c6"}},
  0},
 {<<"getopt">>,{pkg,<<"getopt">>,<<"1.0.1">>},1},
 {<<"goldrush">>,{pkg,<<"goldrush">>,<<"0.1.9">>},2},
 {<<"lager">>,{pkg,<<"lager">>,<<"3.8.0">>},1}]}.
[
{pkg_hash,[
 {<<"bbmustache">>, <<"8CFDE0602E90A4057E161BF5288ADE854B4E511E2E8924966A8438730E958381">>},
 {<<"getopt">>, <<"C73A9FA687B217F2FF79F68A3B637711BB1936E712B521D8CE466B29CBF7808A">>},
 {<<"goldrush">>, <<"F06E5D5F1277DA5C413E84D5A2924174182FB108DABB39D5EC548B27424CD106">>},
 {<<"lager">>, <<"3402B9A7E473680CA179FC2F1D827CAB88DD37DD1E6113090C6F45EF05228A1C">>}]}
].
